// !$*UTF8*$!
{
	archiveVersion = 1;
	classes = {
	};
	objectVersion = 50;
	objects = {

/* Begin PBXBuildFile section */
		77727C332C6E54EF000DD826 /* PhoneCardPurchaseView.swift in Sources */ = {isa = PBXBuildFile; fileRef = 77727C322C6E54EF000DD826 /* PhoneCardPurchaseView.swift */; };
		77B305112C190773003E7C82 /* DataModel.swift in Sources */ = {isa = PBXBuildFile; fileRef = 77B305102C190773003E7C82 /* DataModel.swift */; };
		77B305132C1907BC003E7C82 /* TransSampleData.swift in Sources */ = {isa = PBXBuildFile; fileRef = 77B305122C1907BC003E7C82 /* TransSampleData.swift */; };
		77B305152C1907DD003E7C82 /* TransactionView.swift in Sources */ = {isa = PBXBuildFile; fileRef = 77B305142C1907DD003E7C82 /* TransactionView.swift */; };
		77B305172C1907F3003E7C82 /* ContentView.swift in Sources */ = {isa = PBXBuildFile; fileRef = 77B305162C1907F3003E7C82 /* ContentView.swift */; };
		77B305192C19081E003E7C82 /* MarketCoinView.swift in Sources */ = {isa = PBXBuildFile; fileRef = 77B305182C19081E003E7C82 /* MarketCoinView.swift */; };
		77B3051B2C190E4B003E7C82 /* WalletsView.swift in Sources */ = {isa = PBXBuildFile; fileRef = 77B3051A2C190E4B003E7C82 /* WalletsView.swift */; };
		77B3051D2C190E88003E7C82 /* CryptoWalletView.swift in Sources */ = {isa = PBXBuildFile; fileRef = 77B3051C2C190E88003E7C82 /* CryptoWalletView.swift */; };
		77B305212C190EEC003E7C82 /* AddWalletView.swift in Sources */ = {isa = PBXBuildFile; fileRef = 77B305202C190EEC003E7C82 /* AddWalletView.swift */; };
		77B305232C19204C003E7C82 /* P2PView.swift in Sources */ = {isa = PBXBuildFile; fileRef = 77B305222C19204C003E7C82 /* P2PView.swift */; };
		77B305252C1921BC003E7C82 /* BuyView.swift in Sources */ = {isa = PBXBuildFile; fileRef = 77B305242C1921BC003E7C82 /* BuyView.swift */; };
		77B305272C192204003E7C82 /* PayView.swift in Sources */ = {isa = PBXBuildFile; fileRef = 77B305262C192204003E7C82 /* PayView.swift */; };
		77B305292C192761003E7C82 /* PaymentConfirmationView.swift in Sources */ = {isa = PBXBuildFile; fileRef = 77B305282C192761003E7C82 /* PaymentConfirmationView.swift */; };
		77B3052B2C19351D003E7C82 /* CryptoService.swift in Sources */ = {isa = PBXBuildFile; fileRef = 77B3052A2C19351D003E7C82 /* CryptoService.swift */; };
		77B3052D2C193549003E7C82 /* TradingView.swift in Sources */ = {isa = PBXBuildFile; fileRef = 77B3052C2C193549003E7C82 /* TradingView.swift */; };
		77B3052F2C193F3C003E7C82 /* BuyCoinView.swift in Sources */ = {isa = PBXBuildFile; fileRef = 77B3052E2C193F3C003E7C82 /* BuyCoinView.swift */; };
		77B305312C194414003E7C82 /* SellCoinView.swift in Sources */ = {isa = PBXBuildFile; fileRef = 77B305302C194414003E7C82 /* SellCoinView.swift */; };
		77B305332C19A8CC003E7C82 /* LoginView.swift in Sources */ = {isa = PBXBuildFile; fileRef = 77B305322C19A8CB003E7C82 /* LoginView.swift */; };
		77B305352C1A25C3003E7C82 /* HomeScreen.swift in Sources */ = {isa = PBXBuildFile; fileRef = 77B305342C1A25C3003E7C82 /* HomeScreen.swift */; };
		77B305372C1B934A003E7C82 /* LocalStorage.swift in Sources */ = {isa = PBXBuildFile; fileRef = 77B305362C1B934A003E7C82 /* LocalStorage.swift */; };
		77B3053B2C1C8529003E7C82 /* SuccessPaymentView.swift in Sources */ = {isa = PBXBuildFile; fileRef = 77B3053A2C1C8529003E7C82 /* SuccessPaymentView.swift */; };
		F2135DF824B28561006037D5 /* AppDelegate.swift in Sources */ = {isa = PBXBuildFile; fileRef = F2135DF724B28561006037D5 /* AppDelegate.swift */; };
		F2135DFA24B28561006037D5 /* SceneDelegate.swift in Sources */ = {isa = PBXBuildFile; fileRef = F2135DF924B28561006037D5 /* SceneDelegate.swift */; };
		F2135DFE24B28566006037D5 /* Assets.xcassets in Resources */ = {isa = PBXBuildFile; fileRef = F2135DFD24B28566006037D5 /* Assets.xcassets */; };
		F2135E0124B28566006037D5 /* Preview Assets.xcassets in Resources */ = {isa = PBXBuildFile; fileRef = F2135E0024B28566006037D5 /* Preview Assets.xcassets */; };
		F2135E0424B28566006037D5 /* LaunchScreen.storyboard in Resources */ = {isa = PBXBuildFile; fileRef = F2135E0224B28566006037D5 /* LaunchScreen.storyboard */; };
/* End PBXBuildFile section */

/* Begin PBXFileReference section */
		77727C322C6E54EF000DD826 /* PhoneCardPurchaseView.swift */ = {isa = PBXFileReference; lastKnownFileType = sourcecode.swift; path = PhoneCardPurchaseView.swift; sourceTree = "<group>"; };
		77B305102C190773003E7C82 /* DataModel.swift */ = {isa = PBXFileReference; lastKnownFileType = sourcecode.swift; path = DataModel.swift; sourceTree = "<group>"; };
		77B305122C1907BC003E7C82 /* TransSampleData.swift */ = {isa = PBXFileReference; lastKnownFileType = sourcecode.swift; path = TransSampleData.swift; sourceTree = "<group>"; };
		77B305142C1907DD003E7C82 /* TransactionView.swift */ = {isa = PBXFileReference; lastKnownFileType = sourcecode.swift; path = TransactionView.swift; sourceTree = "<group>"; };
		77B305162C1907F3003E7C82 /* ContentView.swift */ = {isa = PBXFileReference; lastKnownFileType = sourcecode.swift; path = ContentView.swift; sourceTree = "<group>"; };
		77B305182C19081E003E7C82 /* MarketCoinView.swift */ = {isa = PBXFileReference; lastKnownFileType = sourcecode.swift; path = MarketCoinView.swift; sourceTree = "<group>"; };
		77B3051A2C190E4B003E7C82 /* WalletsView.swift */ = {isa = PBXFileReference; lastKnownFileType = sourcecode.swift; path = WalletsView.swift; sourceTree = "<group>"; };
		77B3051C2C190E88003E7C82 /* CryptoWalletView.swift */ = {isa = PBXFileReference; lastKnownFileType = sourcecode.swift; path = CryptoWalletView.swift; sourceTree = "<group>"; };
		77B305202C190EEC003E7C82 /* AddWalletView.swift */ = {isa = PBXFileReference; lastKnownFileType = sourcecode.swift; path = AddWalletView.swift; sourceTree = "<group>"; };
		77B305222C19204C003E7C82 /* P2PView.swift */ = {isa = PBXFileReference; lastKnownFileType = sourcecode.swift; path = P2PView.swift; sourceTree = "<group>"; };
		77B305242C1921BC003E7C82 /* BuyView.swift */ = {isa = PBXFileReference; lastKnownFileType = sourcecode.swift; path = BuyView.swift; sourceTree = "<group>"; };
		77B305262C192204003E7C82 /* PayView.swift */ = {isa = PBXFileReference; lastKnownFileType = sourcecode.swift; path = PayView.swift; sourceTree = "<group>"; };
		77B305282C192761003E7C82 /* PaymentConfirmationView.swift */ = {isa = PBXFileReference; lastKnownFileType = sourcecode.swift; path = PaymentConfirmationView.swift; sourceTree = "<group>"; };
		77B3052A2C19351D003E7C82 /* CryptoService.swift */ = {isa = PBXFileReference; lastKnownFileType = sourcecode.swift; path = CryptoService.swift; sourceTree = "<group>"; };
		77B3052C2C193549003E7C82 /* TradingView.swift */ = {isa = PBXFileReference; lastKnownFileType = sourcecode.swift; path = TradingView.swift; sourceTree = "<group>"; };
		77B3052E2C193F3C003E7C82 /* BuyCoinView.swift */ = {isa = PBXFileReference; lastKnownFileType = sourcecode.swift; path = BuyCoinView.swift; sourceTree = "<group>"; };
		77B305302C194414003E7C82 /* SellCoinView.swift */ = {isa = PBXFileReference; lastKnownFileType = sourcecode.swift; path = SellCoinView.swift; sourceTree = "<group>"; };
		77B305322C19A8CB003E7C82 /* LoginView.swift */ = {isa = PBXFileReference; lastKnownFileType = sourcecode.swift; name = LoginView.swift; path = eWalle/LoginView.swift; sourceTree = SOURCE_ROOT; };
		77B305342C1A25C3003E7C82 /* HomeScreen.swift */ = {isa = PBXFileReference; lastKnownFileType = sourcecode.swift; name = HomeScreen.swift; path = eWalle/HomeScreen.swift; sourceTree = SOURCE_ROOT; };
		77B305362C1B934A003E7C82 /* LocalStorage.swift */ = {isa = PBXFileReference; lastKnownFileType = sourcecode.swift; path = LocalStorage.swift; sourceTree = "<group>"; };
		77B3053A2C1C8529003E7C82 /* SuccessPaymentView.swift */ = {isa = PBXFileReference; lastKnownFileType = sourcecode.swift; path = SuccessPaymentView.swift; sourceTree = "<group>"; };
		F2135DF424B28561006037D5 /* eWalle.app */ = {isa = PBXFileReference; explicitFileType = wrapper.application; includeInIndex = 0; path = eWalle.app; sourceTree = BUILT_PRODUCTS_DIR; };
		F2135DF724B28561006037D5 /* AppDelegate.swift */ = {isa = PBXFileReference; lastKnownFileType = sourcecode.swift; path = AppDelegate.swift; sourceTree = "<group>"; };
		F2135DF924B28561006037D5 /* SceneDelegate.swift */ = {isa = PBXFileReference; lastKnownFileType = sourcecode.swift; path = SceneDelegate.swift; sourceTree = "<group>"; };
		F2135DFD24B28566006037D5 /* Assets.xcassets */ = {isa = PBXFileReference; lastKnownFileType = folder.assetcatalog; path = Assets.xcassets; sourceTree = "<group>"; };
		F2135E0024B28566006037D5 /* Preview Assets.xcassets */ = {isa = PBXFileReference; lastKnownFileType = folder.assetcatalog; path = "Preview Assets.xcassets"; sourceTree = "<group>"; };
		F2135E0324B28566006037D5 /* Base */ = {isa = PBXFileReference; lastKnownFileType = file.storyboard; name = Base; path = Base.lproj/LaunchScreen.storyboard; sourceTree = "<group>"; };
		F2135E0524B28566006037D5 /* Info.plist */ = {isa = PBXFileReference; lastKnownFileType = text.plist.xml; path = Info.plist; sourceTree = "<group>"; };
/* End PBXFileReference section */

/* Begin PBXFrameworksBuildPhase section */
		F2135DF124B28561006037D5 /* Frameworks */ = {
			isa = PBXFrameworksBuildPhase;
			buildActionMask = 2147483647;
			files = (
			);
			runOnlyForDeploymentPostprocessing = 0;
		};
/* End PBXFrameworksBuildPhase section */

/* Begin PBXGroup section */
		F2135DEB24B28561006037D5 = {
			isa = PBXGroup;
			children = (
				F2135DF624B28561006037D5 /* eWalle */,
				F2135DF524B28561006037D5 /* Products */,
			);
			sourceTree = "<group>";
		};
		F2135DF524B28561006037D5 /* Products */ = {
			isa = PBXGroup;
			children = (
				F2135DF424B28561006037D5 /* eWalle.app */,
			);
			name = Products;
			sourceTree = "<group>";
		};
		F2135DF624B28561006037D5 /* eWalle */ = {
			isa = PBXGroup;
			children = (
				F264A19324B7C44600497E99 /* Git */,
				F2135DF724B28561006037D5 /* AppDelegate.swift */,
				F2135DF924B28561006037D5 /* SceneDelegate.swift */,
				77B305342C1A25C3003E7C82 /* HomeScreen.swift */,
				77B305102C190773003E7C82 /* DataModel.swift */,
				77B305122C1907BC003E7C82 /* TransSampleData.swift */,
				77B305142C1907DD003E7C82 /* TransactionView.swift */,
				77B305162C1907F3003E7C82 /* ContentView.swift */,
				77B305182C19081E003E7C82 /* MarketCoinView.swift */,
				77B3051A2C190E4B003E7C82 /* WalletsView.swift */,
				77B3051C2C190E88003E7C82 /* CryptoWalletView.swift */,
				77B305202C190EEC003E7C82 /* AddWalletView.swift */,
				77B305222C19204C003E7C82 /* P2PView.swift */,
				77B305242C1921BC003E7C82 /* BuyView.swift */,
				77B305262C192204003E7C82 /* PayView.swift */,
				77B305282C192761003E7C82 /* PaymentConfirmationView.swift */,
				77727C322C6E54EF000DD826 /* PhoneCardPurchaseView.swift */,
				77B305362C1B934A003E7C82 /* LocalStorage.swift */,
				77B3053A2C1C8529003E7C82 /* SuccessPaymentView.swift */,
				77B305322C19A8CB003E7C82 /* LoginView.swift */,
				77B3052A2C19351D003E7C82 /* CryptoService.swift */,
				77B3052E2C193F3C003E7C82 /* BuyCoinView.swift */,
				77B305302C194414003E7C82 /* SellCoinView.swift */,
				77B3052C2C193549003E7C82 /* TradingView.swift */,
				F2135DFD24B28566006037D5 /* Assets.xcassets */,
				F2135E0224B28566006037D5 /* LaunchScreen.storyboard */,
				F2135E0524B28566006037D5 /* Info.plist */,
				F2135DFF24B28566006037D5 /* Preview Content */,
			);
			path = eWalle;
			sourceTree = "<group>";
		};
		F2135DFF24B28566006037D5 /* Preview Content */ = {
			isa = PBXGroup;
			children = (
				F2135E0024B28566006037D5 /* Preview Assets.xcassets */,
			);
			path = "Preview Content";
			sourceTree = "<group>";
		};
		F264A19324B7C44600497E99 /* Git */ = {
			isa = PBXGroup;
			children = (
			);
			path = Git;
			sourceTree = "<group>";
		};
/* End PBXGroup section */

/* Begin PBXNativeTarget section */
		F2135DF324B28561006037D5 /* eWalle */ = {
			isa = PBXNativeTarget;
			buildConfigurationList = F2135E0824B28566006037D5 /* Build configuration list for PBXNativeTarget "eWalle" */;
			buildPhases = (
				F2135DF024B28561006037D5 /* Sources */,
				F2135DF124B28561006037D5 /* Frameworks */,
				F2135DF224B28561006037D5 /* Resources */,
			);
			buildRules = (
			);
			dependencies = (
			);
			name = eWalle;
			productName = eWalle;
			productReference = F2135DF424B28561006037D5 /* eWalle.app */;
			productType = "com.apple.product-type.application";
		};
/* End PBXNativeTarget section */

/* Begin PBXProject section */
		F2135DEC24B28561006037D5 /* Project object */ = {
			isa = PBXProject;
			attributes = {
				LastSwiftUpdateCheck = 1150;
				LastUpgradeCheck = 1150;
				ORGANIZATIONNAME = "Joselson Dias";
				TargetAttributes = {
					F2135DF324B28561006037D5 = {
						CreatedOnToolsVersion = 11.5;
					};
				};
			};
			buildConfigurationList = F2135DEF24B28561006037D5 /* Build configuration list for PBXProject "eWalle" */;
			compatibilityVersion = "Xcode 9.3";
			developmentRegion = en;
			hasScannedForEncodings = 0;
			knownRegions = (
				en,
				Base,
			);
			mainGroup = F2135DEB24B28561006037D5;
			productRefGroup = F2135DF524B28561006037D5 /* Products */;
			projectDirPath = "";
			projectRoot = "";
			targets = (
				F2135DF324B28561006037D5 /* eWalle */,
			);
		};
/* End PBXProject section */

/* Begin PBXResourcesBuildPhase section */
		F2135DF224B28561006037D5 /* Resources */ = {
			isa = PBXResourcesBuildPhase;
			buildActionMask = 2147483647;
			files = (
				F2135E0424B28566006037D5 /* LaunchScreen.storyboard in Resources */,
				F2135E0124B28566006037D5 /* Preview Assets.xcassets in Resources */,
				F2135DFE24B28566006037D5 /* Assets.xcassets in Resources */,
			);
			runOnlyForDeploymentPostprocessing = 0;
		};
/* End PBXResourcesBuildPhase section */

/* Begin PBXSourcesBuildPhase section */
		F2135DF024B28561006037D5 /* Sources */ = {
			isa = PBXSourcesBuildPhase;
			buildActionMask = 2147483647;
			files = (
				77B305232C19204C003E7C82 /* P2PView.swift in Sources */,
				77B3052D2C193549003E7C82 /* TradingView.swift in Sources */,
				77B305252C1921BC003E7C82 /* BuyView.swift in Sources */,
				77B3051D2C190E88003E7C82 /* CryptoWalletView.swift in Sources */,
				77727C332C6E54EF000DD826 /* PhoneCardPurchaseView.swift in Sources */,
				77B305272C192204003E7C82 /* PayView.swift in Sources */,
				77B3053B2C1C8529003E7C82 /* SuccessPaymentView.swift in Sources */,
				77B3052B2C19351D003E7C82 /* CryptoService.swift in Sources */,
				77B305112C190773003E7C82 /* DataModel.swift in Sources */,
				77B305312C194414003E7C82 /* SellCoinView.swift in Sources */,
				77B305212C190EEC003E7C82 /* AddWalletView.swift in Sources */,
				77B305172C1907F3003E7C82 /* ContentView.swift in Sources */,
				F2135DF824B28561006037D5 /* AppDelegate.swift in Sources */,
				F2135DFA24B28561006037D5 /* SceneDelegate.swift in Sources */,
				77B305372C1B934A003E7C82 /* LocalStorage.swift in Sources */,
				77B305292C192761003E7C82 /* PaymentConfirmationView.swift in Sources */,
				77B305132C1907BC003E7C82 /* TransSampleData.swift in Sources */,
				77B3052F2C193F3C003E7C82 /* BuyCoinView.swift in Sources */,
				77B305152C1907DD003E7C82 /* TransactionView.swift in Sources */,
				77B305352C1A25C3003E7C82 /* HomeScreen.swift in Sources */,
				77B305192C19081E003E7C82 /* MarketCoinView.swift in Sources */,
				77B305332C19A8CC003E7C82 /* LoginView.swift in Sources */,
				77B3051B2C190E4B003E7C82 /* WalletsView.swift in Sources */,
			);
			runOnlyForDeploymentPostprocessing = 0;
		};
/* End PBXSourcesBuildPhase section */

/* Begin PBXVariantGroup section */
		F2135E0224B28566006037D5 /* LaunchScreen.storyboard */ = {
			isa = PBXVariantGroup;
			children = (
				F2135E0324B28566006037D5 /* Base */,
			);
			name = LaunchScreen.storyboard;
			sourceTree = "<group>";
		};
/* End PBXVariantGroup section */

/* Begin XCBuildConfiguration section */
		F2135E0624B28566006037D5 /* Debug */ = {
			isa = XCBuildConfiguration;
			buildSettings = {
				ALWAYS_SEARCH_USER_PATHS = NO;
				CLANG_ANALYZER_NONNULL = YES;
				CLANG_ANALYZER_NUMBER_OBJECT_CONVERSION = YES_AGGRESSIVE;
				CLANG_CXX_LANGUAGE_STANDARD = "gnu++14";
				CLANG_CXX_LIBRARY = "libc++";
				CLANG_ENABLE_MODULES = YES;
				CLANG_ENABLE_OBJC_ARC = YES;
				CLANG_ENABLE_OBJC_WEAK = YES;
				CLANG_WARN_BLOCK_CAPTURE_AUTORELEASING = YES;
				CLANG_WARN_BOOL_CONVERSION = YES;
				CLANG_WARN_COMMA = YES;
				CLANG_WARN_CONSTANT_CONVERSION = YES;
				CLANG_WARN_DEPRECATED_OBJC_IMPLEMENTATIONS = YES;
				CLANG_WARN_DIRECT_OBJC_ISA_USAGE = YES_ERROR;
				CLANG_WARN_DOCUMENTATION_COMMENTS = YES;
				CLANG_WARN_EMPTY_BODY = YES;
				CLANG_WARN_ENUM_CONVERSION = YES;
				CLANG_WARN_INFINITE_RECURSION = YES;
				CLANG_WARN_INT_CONVERSION = YES;
				CLANG_WARN_NON_LITERAL_NULL_CONVERSION = YES;
				CLANG_WARN_OBJC_IMPLICIT_RETAIN_SELF = YES;
				CLANG_WARN_OBJC_LITERAL_CONVERSION = YES;
				CLANG_WARN_OBJC_ROOT_CLASS = YES_ERROR;
				CLANG_WARN_RANGE_LOOP_ANALYSIS = YES;
				CLANG_WARN_STRICT_PROTOTYPES = YES;
				CLANG_WARN_SUSPICIOUS_MOVE = YES;
				CLANG_WARN_UNGUARDED_AVAILABILITY = YES_AGGRESSIVE;
				CLANG_WARN_UNREACHABLE_CODE = YES;
				CLANG_WARN__DUPLICATE_METHOD_MATCH = YES;
				COPY_PHASE_STRIP = NO;
				DEBUG_INFORMATION_FORMAT = dwarf;
				ENABLE_STRICT_OBJC_MSGSEND = YES;
				ENABLE_TESTABILITY = YES;
				GCC_C_LANGUAGE_STANDARD = gnu11;
				GCC_DYNAMIC_NO_PIC = NO;
				GCC_NO_COMMON_BLOCKS = YES;
				GCC_OPTIMIZATION_LEVEL = 0;
				GCC_PREPROCESSOR_DEFINITIONS = (
					"DEBUG=1",
					"$(inherited)",
				);
				GCC_WARN_64_TO_32_BIT_CONVERSION = YES;
				GCC_WARN_ABOUT_RETURN_TYPE = YES_ERROR;
				GCC_WARN_UNDECLARED_SELECTOR = YES;
				GCC_WARN_UNINITIALIZED_AUTOS = YES_AGGRESSIVE;
				GCC_WARN_UNUSED_FUNCTION = YES;
				GCC_WARN_UNUSED_VARIABLE = YES;
				IPHONEOS_DEPLOYMENT_TARGET = 16.6;
				MTL_ENABLE_DEBUG_INFO = INCLUDE_SOURCE;
				MTL_FAST_MATH = YES;
				ONLY_ACTIVE_ARCH = YES;
				SDKROOT = iphoneos;
				SWIFT_ACTIVE_COMPILATION_CONDITIONS = DEBUG;
				SWIFT_OPTIMIZATION_LEVEL = "-Onone";
			};
			name = Debug;
		};
		F2135E0724B28566006037D5 /* Release */ = {
			isa = XCBuildConfiguration;
			buildSettings = {
				ALWAYS_SEARCH_USER_PATHS = NO;
				CLANG_ANALYZER_NONNULL = YES;
				CLANG_ANALYZER_NUMBER_OBJECT_CONVERSION = YES_AGGRESSIVE;
				CLANG_CXX_LANGUAGE_STANDARD = "gnu++14";
				CLANG_CXX_LIBRARY = "libc++";
				CLANG_ENABLE_MODULES = YES;
				CLANG_ENABLE_OBJC_ARC = YES;
				CLANG_ENABLE_OBJC_WEAK = YES;
				CLANG_WARN_BLOCK_CAPTURE_AUTORELEASING = YES;
				CLANG_WARN_BOOL_CONVERSION = YES;
				CLANG_WARN_COMMA = YES;
				CLANG_WARN_CONSTANT_CONVERSION = YES;
				CLANG_WARN_DEPRECATED_OBJC_IMPLEMENTATIONS = YES;
				CLANG_WARN_DIRECT_OBJC_ISA_USAGE = YES_ERROR;
				CLANG_WARN_DOCUMENTATION_COMMENTS = YES;
				CLANG_WARN_EMPTY_BODY = YES;
				CLANG_WARN_ENUM_CONVERSION = YES;
				CLANG_WARN_INFINITE_RECURSION = YES;
				CLANG_WARN_INT_CONVERSION = YES;
				CLANG_WARN_NON_LITERAL_NULL_CONVERSION = YES;
				CLANG_WARN_OBJC_IMPLICIT_RETAIN_SELF = YES;
				CLANG_WARN_OBJC_LITERAL_CONVERSION = YES;
				CLANG_WARN_OBJC_ROOT_CLASS = YES_ERROR;
				CLANG_WARN_RANGE_LOOP_ANALYSIS = YES;
				CLANG_WARN_STRICT_PROTOTYPES = YES;
				CLANG_WARN_SUSPICIOUS_MOVE = YES;
				CLANG_WARN_UNGUARDED_AVAILABILITY = YES_AGGRESSIVE;
				CLANG_WARN_UNREACHABLE_CODE = YES;
				CLANG_WARN__DUPLICATE_METHOD_MATCH = YES;
				COPY_PHASE_STRIP = NO;
				DEBUG_INFORMATION_FORMAT = "dwarf-with-dsym";
				ENABLE_NS_ASSERTIONS = NO;
				ENABLE_STRICT_OBJC_MSGSEND = YES;
				GCC_C_LANGUAGE_STANDARD = gnu11;
				GCC_NO_COMMON_BLOCKS = YES;
				GCC_WARN_64_TO_32_BIT_CONVERSION = YES;
				GCC_WARN_ABOUT_RETURN_TYPE = YES_ERROR;
				GCC_WARN_UNDECLARED_SELECTOR = YES;
				GCC_WARN_UNINITIALIZED_AUTOS = YES_AGGRESSIVE;
				GCC_WARN_UNUSED_FUNCTION = YES;
				GCC_WARN_UNUSED_VARIABLE = YES;
				IPHONEOS_DEPLOYMENT_TARGET = 16.6;
				MTL_ENABLE_DEBUG_INFO = NO;
				MTL_FAST_MATH = YES;
				SDKROOT = iphoneos;
				SWIFT_COMPILATION_MODE = wholemodule;
				SWIFT_OPTIMIZATION_LEVEL = "-O";
				VALIDATE_PRODUCT = YES;
			};
			name = Release;
		};
		F2135E0924B28566006037D5 /* Debug */ = {
			isa = XCBuildConfiguration;
			buildSettings = {
				ASSETCATALOG_COMPILER_APPICON_NAME = AppIcon;
				CODE_SIGN_STYLE = Automatic;
				DEVELOPMENT_ASSET_PATHS = "\"eWalle/Preview Content\"";
				DEVELOPMENT_TEAM = 54272CAZ82;
				ENABLE_PREVIEWS = YES;
				INFOPLIST_FILE = eWalle/Info.plist;
				LD_RUNPATH_SEARCH_PATHS = (
					"$(inherited)",
					"@executable_path/Frameworks",
				);
				PRODUCT_BUNDLE_IDENTIFIER = com.joselson.eWalle;
				PRODUCT_NAME = "$(TARGET_NAME)";
				SWIFT_VERSION = 5.0;
				TARGETED_DEVICE_FAMILY = "1,2";
			};
			name = Debug;
		};
		F2135E0A24B28566006037D5 /* Release */ = {
			isa = XCBuildConfiguration;
			buildSettings = {
				ASSETCATALOG_COMPILER_APPICON_NAME = AppIcon;
				CODE_SIGN_STYLE = Automatic;
				DEVELOPMENT_ASSET_PATHS = "\"eWalle/Preview Content\"";
				DEVELOPMENT_TEAM = 54272CAZ82;
				ENABLE_PREVIEWS = YES;
				INFOPLIST_FILE = eWalle/Info.plist;
				LD_RUNPATH_SEARCH_PATHS = (
					"$(inherited)",
					"@executable_path/Frameworks",
				);
				PRODUCT_BUNDLE_IDENTIFIER = com.joselson.eWalle;
				PRODUCT_NAME = "$(TARGET_NAME)";
				SWIFT_VERSION = 5.0;
				TARGETED_DEVICE_FAMILY = "1,2";
			};
			name = Release;
		};
/* End XCBuildConfiguration section */

/* Begin XCConfigurationList section */
		F2135DEF24B28561006037D5 /* Build configuration list for PBXProject "eWalle" */ = {
			isa = XCConfigurationList;
			buildConfigurations = (
				F2135E0624B28566006037D5 /* Debug */,
				F2135E0724B28566006037D5 /* Release */,
			);
			defaultConfigurationIsVisible = 0;
			defaultConfigurationName = Release;
		};
		F2135E0824B28566006037D5 /* Build configuration list for PBXNativeTarget "eWalle" */ = {
			isa = XCConfigurationList;
			buildConfigurations = (
				F2135E0924B28566006037D5 /* Debug */,
				F2135E0A24B28566006037D5 /* Release */,
			);
			defaultConfigurationIsVisible = 0;
			defaultConfigurationName = Release;
		};
/* End XCConfigurationList section */
	};
	rootObject = F2135DEC24B28561006037D5 /* Project object */;
}
